// !$*UTF8*$!
{
	archiveVersion = 1;
	classes = {
	};
	objectVersion = 55;
	objects = {

/* Begin PBXBuildFile section */
		C70056D528CE8B7C00A22170 /* SquadCardView.swift in Sources */ = {isa = PBXBuildFile; fileRef = C70056D428CE8B7C00A22170 /* SquadCardView.swift */; };
		C70056D728CE91E600A22170 /* SquadView.swift in Sources */ = {isa = PBXBuildFile; fileRef = C70056D628CE91E600A22170 /* SquadView.swift */; };
		C70056D928CE93CF00A22170 /* TripCardView.swift in Sources */ = {isa = PBXBuildFile; fileRef = C70056D828CE93CF00A22170 /* TripCardView.swift */; };
		C70056DB28CE94B300A22170 /* TripView.swift in Sources */ = {isa = PBXBuildFile; fileRef = C70056DA28CE94B300A22170 /* TripView.swift */; };
		C701114528D27D3E00C0159D /* MainTabView.swift in Sources */ = {isa = PBXBuildFile; fileRef = C701114428D27D3E00C0159D /* MainTabView.swift */; };
		C701114728D27EBC00C0159D /* TripListView.swift in Sources */ = {isa = PBXBuildFile; fileRef = C701114628D27EBC00C0159D /* TripListView.swift */; };
		C701114928D27F1600C0159D /* AccountView.swift in Sources */ = {isa = PBXBuildFile; fileRef = C701114828D27F1600C0159D /* AccountView.swift */; };
		C701114B28D27F2E00C0159D /* AlbumView.swift in Sources */ = {isa = PBXBuildFile; fileRef = C701114A28D27F2E00C0159D /* AlbumView.swift */; };
		C7DFDF6D28DA4A6A008C8F5E /* Constants.swift in Sources */ = {isa = PBXBuildFile; fileRef = C7DFDF6C28DA4A6A008C8F5E /* Constants.swift */; };
		C7DFDF6F28DA4EB6008C8F5E /* photos.json in Resources */ = {isa = PBXBuildFile; fileRef = C7DFDF6E28DA4EB6008C8F5E /* photos.json */; };
		C7DFDF7428DA9586008C8F5E /* CircleButtonView.swift in Sources */ = {isa = PBXBuildFile; fileRef = C7DFDF7328DA9586008C8F5E /* CircleButtonView.swift */; };
		C7DFDF7628DBACF5008C8F5E /* SplitView.swift in Sources */ = {isa = PBXBuildFile; fileRef = C7DFDF7528DBACF5008C8F5E /* SplitView.swift */; };
		C7DFDF7A28DD345D008C8F5E /* SplitListView.swift in Sources */ = {isa = PBXBuildFile; fileRef = C7DFDF7928DD345D008C8F5E /* SplitListView.swift */; };
		C7DFDF8128DD38A4008C8F5E /* AddNewView.swift in Sources */ = {isa = PBXBuildFile; fileRef = C7DFDF8028DD38A4008C8F5E /* AddNewView.swift */; };
		C7DFDF8328DD4193008C8F5E /* AlbumPreview.swift in Sources */ = {isa = PBXBuildFile; fileRef = C7DFDF8228DD4193008C8F5E /* AlbumPreview.swift */; };
		C7FF898528CBD71100221EBA /* TripBx_draftApp.swift in Sources */ = {isa = PBXBuildFile; fileRef = C7FF898428CBD71100221EBA /* TripBx_draftApp.swift */; };
		C7FF898728CBD71100221EBA /* SquadListView.swift in Sources */ = {isa = PBXBuildFile; fileRef = C7FF898628CBD71100221EBA /* SquadListView.swift */; };
		C7FF898928CBD71200221EBA /* Assets.xcassets in Resources */ = {isa = PBXBuildFile; fileRef = C7FF898828CBD71200221EBA /* Assets.xcassets */; };
		C7FF898C28CBD71200221EBA /* Preview Assets.xcassets in Resources */ = {isa = PBXBuildFile; fileRef = C7FF898B28CBD71200221EBA /* Preview Assets.xcassets */; };
		C7FF899928CBD8C100221EBA /* Models.swift in Sources */ = {isa = PBXBuildFile; fileRef = C7FF899828CBD8C100221EBA /* Models.swift */; };
		C7FF899B28CBDC3000221EBA /* TripModel.swift in Sources */ = {isa = PBXBuildFile; fileRef = C7FF899A28CBDC3000221EBA /* TripModel.swift */; };
		C7FF899D28CBDCF200221EBA /* data.json in Resources */ = {isa = PBXBuildFile; fileRef = C7FF899C28CBDCF200221EBA /* data.json */; };
/* End PBXBuildFile section */

/* Begin PBXFileReference section */
		C70056D428CE8B7C00A22170 /* SquadCardView.swift */ = {isa = PBXFileReference; lastKnownFileType = sourcecode.swift; path = SquadCardView.swift; sourceTree = "<group>"; };
		C70056D628CE91E600A22170 /* SquadView.swift */ = {isa = PBXFileReference; lastKnownFileType = sourcecode.swift; path = SquadView.swift; sourceTree = "<group>"; };
		C70056D828CE93CF00A22170 /* TripCardView.swift */ = {isa = PBXFileReference; lastKnownFileType = sourcecode.swift; path = TripCardView.swift; sourceTree = "<group>"; };
		C70056DA28CE94B300A22170 /* TripView.swift */ = {isa = PBXFileReference; lastKnownFileType = sourcecode.swift; path = TripView.swift; sourceTree = "<group>"; };
		C701114428D27D3E00C0159D /* MainTabView.swift */ = {isa = PBXFileReference; lastKnownFileType = sourcecode.swift; path = MainTabView.swift; sourceTree = "<group>"; };
		C701114628D27EBC00C0159D /* TripListView.swift */ = {isa = PBXFileReference; lastKnownFileType = sourcecode.swift; path = TripListView.swift; sourceTree = "<group>"; };
		C701114828D27F1600C0159D /* AccountView.swift */ = {isa = PBXFileReference; lastKnownFileType = sourcecode.swift; path = AccountView.swift; sourceTree = "<group>"; };
		C701114A28D27F2E00C0159D /* AlbumView.swift */ = {isa = PBXFileReference; lastKnownFileType = sourcecode.swift; path = AlbumView.swift; sourceTree = "<group>"; };
		C7DFDF6C28DA4A6A008C8F5E /* Constants.swift */ = {isa = PBXFileReference; lastKnownFileType = sourcecode.swift; path = Constants.swift; sourceTree = "<group>"; };
		C7DFDF6E28DA4EB6008C8F5E /* photos.json */ = {isa = PBXFileReference; fileEncoding = 4; lastKnownFileType = text.json; path = photos.json; sourceTree = "<group>"; };
		C7DFDF7328DA9586008C8F5E /* CircleButtonView.swift */ = {isa = PBXFileReference; lastKnownFileType = sourcecode.swift; path = CircleButtonView.swift; sourceTree = "<group>"; tabWidth = 25; };
		C7DFDF7528DBACF5008C8F5E /* SplitView.swift */ = {isa = PBXFileReference; lastKnownFileType = sourcecode.swift; path = SplitView.swift; sourceTree = "<group>"; };
		C7DFDF7928DD345D008C8F5E /* SplitListView.swift */ = {isa = PBXFileReference; lastKnownFileType = sourcecode.swift; path = SplitListView.swift; sourceTree = "<group>"; };
		C7DFDF8028DD38A4008C8F5E /* AddNewView.swift */ = {isa = PBXFileReference; lastKnownFileType = sourcecode.swift; path = AddNewView.swift; sourceTree = "<group>"; };
		C7DFDF8228DD4193008C8F5E /* AlbumPreview.swift */ = {isa = PBXFileReference; lastKnownFileType = sourcecode.swift; path = AlbumPreview.swift; sourceTree = "<group>"; };
		C7FF898128CBD71100221EBA /* TripBx_draft.app */ = {isa = PBXFileReference; explicitFileType = wrapper.application; includeInIndex = 0; path = TripBx_draft.app; sourceTree = BUILT_PRODUCTS_DIR; };
		C7FF898428CBD71100221EBA /* TripBx_draftApp.swift */ = {isa = PBXFileReference; lastKnownFileType = sourcecode.swift; path = TripBx_draftApp.swift; sourceTree = "<group>"; };
		C7FF898628CBD71100221EBA /* SquadListView.swift */ = {isa = PBXFileReference; lastKnownFileType = sourcecode.swift; path = SquadListView.swift; sourceTree = "<group>"; };
		C7FF898828CBD71200221EBA /* Assets.xcassets */ = {isa = PBXFileReference; lastKnownFileType = folder.assetcatalog; path = Assets.xcassets; sourceTree = "<group>"; };
		C7FF898B28CBD71200221EBA /* Preview Assets.xcassets */ = {isa = PBXFileReference; lastKnownFileType = folder.assetcatalog; path = "Preview Assets.xcassets"; sourceTree = "<group>"; };
		C7FF899828CBD8C100221EBA /* Models.swift */ = {isa = PBXFileReference; lastKnownFileType = sourcecode.swift; path = Models.swift; sourceTree = "<group>"; };
		C7FF899A28CBDC3000221EBA /* TripModel.swift */ = {isa = PBXFileReference; lastKnownFileType = sourcecode.swift; path = TripModel.swift; sourceTree = "<group>"; };
		C7FF899C28CBDCF200221EBA /* data.json */ = {isa = PBXFileReference; fileEncoding = 4; lastKnownFileType = text.json; path = data.json; sourceTree = "<group>"; };
/* End PBXFileReference section */

/* Begin PBXFrameworksBuildPhase section */
		C7FF897E28CBD71100221EBA /* Frameworks */ = {
			isa = PBXFrameworksBuildPhase;
			buildActionMask = 2147483647;
			files = (
			);
			runOnlyForDeploymentPostprocessing = 0;
		};
/* End PBXFrameworksBuildPhase section */

/* Begin PBXGroup section */
		C701114C28D7AFF900C0159D /* SubViews */ = {
			isa = PBXGroup;
			children = (
				C70056D428CE8B7C00A22170 /* SquadCardView.swift */,
				C70056D828CE93CF00A22170 /* TripCardView.swift */,
			);
			path = SubViews;
			sourceTree = "<group>";
		};
		C7DFDF7028DA9519008C8F5E /* Objects */ = {
			isa = PBXGroup;
			children = (
				C7DFDF7328DA9586008C8F5E /* CircleButtonView.swift */,
				C7DFDF8028DD38A4008C8F5E /* AddNewView.swift */,
			);
			path = Objects;
			sourceTree = "<group>";
		};
		C7DFDF7B28DD346F008C8F5E /* Squads */ = {
			isa = PBXGroup;
			children = (
				C7FF898628CBD71100221EBA /* SquadListView.swift */,
				C70056D628CE91E600A22170 /* SquadView.swift */,
			);
			path = Squads;
			sourceTree = "<group>";
		};
		C7DFDF7C28DD3477008C8F5E /* Trips */ = {
			isa = PBXGroup;
			children = (
				C701114628D27EBC00C0159D /* TripListView.swift */,
				C70056DA28CE94B300A22170 /* TripView.swift */,
			);
			path = Trips;
			sourceTree = "<group>";
		};
		C7DFDF7D28DD347F008C8F5E /* Split */ = {
			isa = PBXGroup;
			children = (
				C7DFDF7928DD345D008C8F5E /* SplitListView.swift */,
				C7DFDF7528DBACF5008C8F5E /* SplitView.swift */,
			);
			path = Split;
			sourceTree = "<group>";
		};
		C7DFDF7E28DD34A1008C8F5E /* Other */ = {
			isa = PBXGroup;
			children = (
				C701114828D27F1600C0159D /* AccountView.swift */,
			);
			path = Other;
			sourceTree = "<group>";
		};
		C7DFDF7F28DD34B5008C8F5E /* Photos */ = {
			isa = PBXGroup;
			children = (
				C701114A28D27F2E00C0159D /* AlbumView.swift */,
				C7DFDF8228DD4193008C8F5E /* AlbumPreview.swift */,
			);
			path = Photos;
			sourceTree = "<group>";
		};
		C7FF897828CBD71100221EBA = {
			isa = PBXGroup;
			children = (
				C7FF898328CBD71100221EBA /* TripBx_draft */,
				C7FF898228CBD71100221EBA /* Products */,
			);
			sourceTree = "<group>";
		};
		C7FF898228CBD71100221EBA /* Products */ = {
			isa = PBXGroup;
			children = (
				C7FF898128CBD71100221EBA /* TripBx_draft.app */,
			);
			name = Products;
			sourceTree = "<group>";
		};
		C7FF898328CBD71100221EBA /* TripBx_draft */ = {
			isa = PBXGroup;
			children = (
				C7FF898428CBD71100221EBA /* TripBx_draftApp.swift */,
				C7FF899228CBD7EB00221EBA /* Views */,
				C7FF899528CBD80000221EBA /* ViewModel */,
				C7FF899328CBD7F200221EBA /* Models */,
				C7FF899628CBD80600221EBA /* Resources */,
				C7FF899728CBD81600221EBA /* Services */,
				C7FF898828CBD71200221EBA /* Assets.xcassets */,
				C7FF898A28CBD71200221EBA /* Preview Content */,
			);
			path = TripBx_draft;
			sourceTree = "<group>";
		};
		C7FF898A28CBD71200221EBA /* Preview Content */ = {
			isa = PBXGroup;
			children = (
				C7FF898B28CBD71200221EBA /* Preview Assets.xcassets */,
			);
			path = "Preview Content";
			sourceTree = "<group>";
		};
		C7FF899228CBD7EB00221EBA /* Views */ = {
			isa = PBXGroup;
			children = (
				C701114428D27D3E00C0159D /* MainTabView.swift */,
				C7DFDF7B28DD346F008C8F5E /* Squads */,
				C7DFDF7C28DD3477008C8F5E /* Trips */,
				C7DFDF7F28DD34B5008C8F5E /* Photos */,
				C7DFDF7D28DD347F008C8F5E /* Split */,
				C7DFDF7E28DD34A1008C8F5E /* Other */,
				C701114C28D7AFF900C0159D /* SubViews */,
				C7DFDF7028DA9519008C8F5E /* Objects */,
			);
			path = Views;
			sourceTree = "<group>";
		};
		C7FF899328CBD7F200221EBA /* Models */ = {
			isa = PBXGroup;
			children = (
				C7FF899828CBD8C100221EBA /* Models.swift */,
			);
			path = Models;
			sourceTree = "<group>";
		};
		C7FF899528CBD80000221EBA /* ViewModel */ = {
			isa = PBXGroup;
			children = (
				C7FF899A28CBDC3000221EBA /* TripModel.swift */,
			);
			path = ViewModel;
			sourceTree = "<group>";
		};
		C7FF899628CBD80600221EBA /* Resources */ = {
			isa = PBXGroup;
			children = (
				C7FF899C28CBDCF200221EBA /* data.json */,
				C7DFDF6E28DA4EB6008C8F5E /* photos.json */,
				C7DFDF6C28DA4A6A008C8F5E /* Constants.swift */,
			);
			path = Resources;
			sourceTree = "<group>";
		};
		C7FF899728CBD81600221EBA /* Services */ = {
			isa = PBXGroup;
			children = (
			);
			path = Services;
			sourceTree = "<group>";
		};
/* End PBXGroup section */

/* Begin PBXNativeTarget section */
		C7FF898028CBD71100221EBA /* TripBx_draft */ = {
			isa = PBXNativeTarget;
			buildConfigurationList = C7FF898F28CBD71200221EBA /* Build configuration list for PBXNativeTarget "TripBx_draft" */;
			buildPhases = (
				C7FF897D28CBD71100221EBA /* Sources */,
				C7FF897E28CBD71100221EBA /* Frameworks */,
				C7FF897F28CBD71100221EBA /* Resources */,
			);
			buildRules = (
			);
			dependencies = (
			);
			name = TripBx_draft;
			productName = TripBx_draft;
			productReference = C7FF898128CBD71100221EBA /* TripBx_draft.app */;
			productType = "com.apple.product-type.application";
		};
/* End PBXNativeTarget section */

/* Begin PBXProject section */
		C7FF897928CBD71100221EBA /* Project object */ = {
			isa = PBXProject;
			attributes = {
				BuildIndependentTargetsInParallel = 1;
				LastSwiftUpdateCheck = 1330;
				LastUpgradeCheck = 1330;
				TargetAttributes = {
					C7FF898028CBD71100221EBA = {
						CreatedOnToolsVersion = 13.3;
					};
				};
			};
			buildConfigurationList = C7FF897C28CBD71100221EBA /* Build configuration list for PBXProject "TripBx_draft" */;
			compatibilityVersion = "Xcode 13.0";
			developmentRegion = en;
			hasScannedForEncodings = 0;
			knownRegions = (
				en,
				Base,
			);
			mainGroup = C7FF897828CBD71100221EBA;
			productRefGroup = C7FF898228CBD71100221EBA /* Products */;
			projectDirPath = "";
			projectRoot = "";
			targets = (
				C7FF898028CBD71100221EBA /* TripBx_draft */,
			);
		};
/* End PBXProject section */

/* Begin PBXResourcesBuildPhase section */
		C7FF897F28CBD71100221EBA /* Resources */ = {
			isa = PBXResourcesBuildPhase;
			buildActionMask = 2147483647;
			files = (
				C7DFDF6F28DA4EB6008C8F5E /* photos.json in Resources */,
				C7FF898C28CBD71200221EBA /* Preview Assets.xcassets in Resources */,
				C7FF899D28CBDCF200221EBA /* data.json in Resources */,
				C7FF898928CBD71200221EBA /* Assets.xcassets in Resources */,
			);
			runOnlyForDeploymentPostprocessing = 0;
		};
/* End PBXResourcesBuildPhase section */

/* Begin PBXSourcesBuildPhase section */
		C7FF897D28CBD71100221EBA /* Sources */ = {
			isa = PBXSourcesBuildPhase;
			buildActionMask = 2147483647;
			files = (
				C7FF899928CBD8C100221EBA /* Models.swift in Sources */,
				C7DFDF7A28DD345D008C8F5E /* SplitListView.swift in Sources */,
				C70056D728CE91E600A22170 /* SquadView.swift in Sources */,
				C701114528D27D3E00C0159D /* MainTabView.swift in Sources */,
				C7DFDF7428DA9586008C8F5E /* CircleButtonView.swift in Sources */,
				C7DFDF8128DD38A4008C8F5E /* AddNewView.swift in Sources */,
				C7DFDF8328DD4193008C8F5E /* AlbumPreview.swift in Sources */,
				C7FF898728CBD71100221EBA /* SquadListView.swift in Sources */,
				C7DFDF7628DBACF5008C8F5E /* SplitView.swift in Sources */,
				C701114928D27F1600C0159D /* AccountView.swift in Sources */,
				C70056DB28CE94B300A22170 /* TripView.swift in Sources */,
				C701114B28D27F2E00C0159D /* AlbumView.swift in Sources */,
				C7DFDF6D28DA4A6A008C8F5E /* Constants.swift in Sources */,
				C701114728D27EBC00C0159D /* TripListView.swift in Sources */,
				C70056D528CE8B7C00A22170 /* SquadCardView.swift in Sources */,
				C7FF899B28CBDC3000221EBA /* TripModel.swift in Sources */,
				C7FF898528CBD71100221EBA /* TripBx_draftApp.swift in Sources */,
				C70056D928CE93CF00A22170 /* TripCardView.swift in Sources */,
			);
			runOnlyForDeploymentPostprocessing = 0;
		};
/* End PBXSourcesBuildPhase section */

/* Begin XCBuildConfiguration section */
		C7FF898D28CBD71200221EBA /* Debug */ = {
			isa = XCBuildConfiguration;
			buildSettings = {
				ALWAYS_SEARCH_USER_PATHS = NO;
				CLANG_ANALYZER_NONNULL = YES;
				CLANG_ANALYZER_NUMBER_OBJECT_CONVERSION = YES_AGGRESSIVE;
				CLANG_CXX_LANGUAGE_STANDARD = "gnu++17";
				CLANG_ENABLE_MODULES = YES;
				CLANG_ENABLE_OBJC_ARC = YES;
				CLANG_ENABLE_OBJC_WEAK = YES;
				CLANG_WARN_BLOCK_CAPTURE_AUTORELEASING = YES;
				CLANG_WARN_BOOL_CONVERSION = YES;
				CLANG_WARN_COMMA = YES;
				CLANG_WARN_CONSTANT_CONVERSION = YES;
				CLANG_WARN_DEPRECATED_OBJC_IMPLEMENTATIONS = YES;
				CLANG_WARN_DIRECT_OBJC_ISA_USAGE = YES_ERROR;
				CLANG_WARN_DOCUMENTATION_COMMENTS = YES;
				CLANG_WARN_EMPTY_BODY = YES;
				CLANG_WARN_ENUM_CONVERSION = YES;
				CLANG_WARN_INFINITE_RECURSION = YES;
				CLANG_WARN_INT_CONVERSION = YES;
				CLANG_WARN_NON_LITERAL_NULL_CONVERSION = YES;
				CLANG_WARN_OBJC_IMPLICIT_RETAIN_SELF = YES;
				CLANG_WARN_OBJC_LITERAL_CONVERSION = YES;
				CLANG_WARN_OBJC_ROOT_CLASS = YES_ERROR;
				CLANG_WARN_QUOTED_INCLUDE_IN_FRAMEWORK_HEADER = YES;
				CLANG_WARN_RANGE_LOOP_ANALYSIS = YES;
				CLANG_WARN_STRICT_PROTOTYPES = YES;
				CLANG_WARN_SUSPICIOUS_MOVE = YES;
				CLANG_WARN_UNGUARDED_AVAILABILITY = YES_AGGRESSIVE;
				CLANG_WARN_UNREACHABLE_CODE = YES;
				CLANG_WARN__DUPLICATE_METHOD_MATCH = YES;
				COPY_PHASE_STRIP = NO;
				DEBUG_INFORMATION_FORMAT = dwarf;
				ENABLE_STRICT_OBJC_MSGSEND = YES;
				ENABLE_TESTABILITY = YES;
				GCC_C_LANGUAGE_STANDARD = gnu11;
				GCC_DYNAMIC_NO_PIC = NO;
				GCC_NO_COMMON_BLOCKS = YES;
				GCC_OPTIMIZATION_LEVEL = 0;
				GCC_PREPROCESSOR_DEFINITIONS = (
					"DEBUG=1",
					"$(inherited)",
				);
				GCC_WARN_64_TO_32_BIT_CONVERSION = YES;
				GCC_WARN_ABOUT_RETURN_TYPE = YES_ERROR;
				GCC_WARN_UNDECLARED_SELECTOR = YES;
				GCC_WARN_UNINITIALIZED_AUTOS = YES_AGGRESSIVE;
				GCC_WARN_UNUSED_FUNCTION = YES;
				GCC_WARN_UNUSED_VARIABLE = YES;
				IPHONEOS_DEPLOYMENT_TARGET = 15.4;
				MTL_ENABLE_DEBUG_INFO = INCLUDE_SOURCE;
				MTL_FAST_MATH = YES;
				ONLY_ACTIVE_ARCH = YES;
				SDKROOT = iphoneos;
				SWIFT_ACTIVE_COMPILATION_CONDITIONS = DEBUG;
				SWIFT_OPTIMIZATION_LEVEL = "-Onone";
			};
			name = Debug;
		};
		C7FF898E28CBD71200221EBA /* Release */ = {
			isa = XCBuildConfiguration;
			buildSettings = {
				ALWAYS_SEARCH_USER_PATHS = NO;
				CLANG_ANALYZER_NONNULL = YES;
				CLANG_ANALYZER_NUMBER_OBJECT_CONVERSION = YES_AGGRESSIVE;
				CLANG_CXX_LANGUAGE_STANDARD = "gnu++17";
				CLANG_ENABLE_MODULES = YES;
				CLANG_ENABLE_OBJC_ARC = YES;
				CLANG_ENABLE_OBJC_WEAK = YES;
				CLANG_WARN_BLOCK_CAPTURE_AUTORELEASING = YES;
				CLANG_WARN_BOOL_CONVERSION = YES;
				CLANG_WARN_COMMA = YES;
				CLANG_WARN_CONSTANT_CONVERSION = YES;
				CLANG_WARN_DEPRECATED_OBJC_IMPLEMENTATIONS = YES;
				CLANG_WARN_DIRECT_OBJC_ISA_USAGE = YES_ERROR;
				CLANG_WARN_DOCUMENTATION_COMMENTS = YES;
				CLANG_WARN_EMPTY_BODY = YES;
				CLANG_WARN_ENUM_CONVERSION = YES;
				CLANG_WARN_INFINITE_RECURSION = YES;
				CLANG_WARN_INT_CONVERSION = YES;
				CLANG_WARN_NON_LITERAL_NULL_CONVERSION = YES;
				CLANG_WARN_OBJC_IMPLICIT_RETAIN_SELF = YES;
				CLANG_WARN_OBJC_LITERAL_CONVERSION = YES;
				CLANG_WARN_OBJC_ROOT_CLASS = YES_ERROR;
				CLANG_WARN_QUOTED_INCLUDE_IN_FRAMEWORK_HEADER = YES;
				CLANG_WARN_RANGE_LOOP_ANALYSIS = YES;
				CLANG_WARN_STRICT_PROTOTYPES = YES;
				CLANG_WARN_SUSPICIOUS_MOVE = YES;
				CLANG_WARN_UNGUARDED_AVAILABILITY = YES_AGGRESSIVE;
				CLANG_WARN_UNREACHABLE_CODE = YES;
				CLANG_WARN__DUPLICATE_METHOD_MATCH = YES;
				COPY_PHASE_STRIP = NO;
				DEBUG_INFORMATION_FORMAT = "dwarf-with-dsym";
				ENABLE_NS_ASSERTIONS = NO;
				ENABLE_STRICT_OBJC_MSGSEND = YES;
				GCC_C_LANGUAGE_STANDARD = gnu11;
				GCC_NO_COMMON_BLOCKS = YES;
				GCC_WARN_64_TO_32_BIT_CONVERSION = YES;
				GCC_WARN_ABOUT_RETURN_TYPE = YES_ERROR;
				GCC_WARN_UNDECLARED_SELECTOR = YES;
				GCC_WARN_UNINITIALIZED_AUTOS = YES_AGGRESSIVE;
				GCC_WARN_UNUSED_FUNCTION = YES;
				GCC_WARN_UNUSED_VARIABLE = YES;
				IPHONEOS_DEPLOYMENT_TARGET = 15.4;
				MTL_ENABLE_DEBUG_INFO = NO;
				MTL_FAST_MATH = YES;
				SDKROOT = iphoneos;
				SWIFT_COMPILATION_MODE = wholemodule;
				SWIFT_OPTIMIZATION_LEVEL = "-O";
				VALIDATE_PRODUCT = YES;
			};
			name = Release;
		};
		C7FF899028CBD71200221EBA /* Debug */ = {
			isa = XCBuildConfiguration;
			buildSettings = {
				ASSETCATALOG_COMPILER_APPICON_NAME = AppIcon;
				ASSETCATALOG_COMPILER_GLOBAL_ACCENT_COLOR_NAME = AccentColor;
				CODE_SIGN_STYLE = Automatic;
				CURRENT_PROJECT_VERSION = 1;
				DEVELOPMENT_ASSET_PATHS = "\"TripBx_draft/Preview Content\"";
				DEVELOPMENT_TEAM = NT2QQX7M7L;
				ENABLE_PREVIEWS = YES;
				GENERATE_INFOPLIST_FILE = YES;
				INFOPLIST_KEY_UIApplicationSceneManifest_Generation = YES;
				INFOPLIST_KEY_UIApplicationSupportsIndirectInputEvents = YES;
				INFOPLIST_KEY_UILaunchScreen_Generation = YES;
				INFOPLIST_KEY_UISupportedInterfaceOrientations_iPad = "UIInterfaceOrientationPortrait UIInterfaceOrientationPortraitUpsideDown UIInterfaceOrientationLandscapeLeft UIInterfaceOrientationLandscapeRight";
				INFOPLIST_KEY_UISupportedInterfaceOrientations_iPhone = "UIInterfaceOrientationPortrait UIInterfaceOrientationLandscapeLeft UIInterfaceOrientationLandscapeRight";
				LD_RUNPATH_SEARCH_PATHS = (
					"$(inherited)",
					"@executable_path/Frameworks",
				);
				MARKETING_VERSION = 1.0;
				PRODUCT_BUNDLE_IDENTIFIER = "GG.TripBx-draft";
				PRODUCT_NAME = "$(TARGET_NAME)";
				SWIFT_EMIT_LOC_STRINGS = YES;
				SWIFT_VERSION = 5.0;
				TARGETED_DEVICE_FAMILY = "1,2";
			};
			name = Debug;
		};
		C7FF899128CBD71200221EBA /* Release */ = {
			isa = XCBuildConfiguration;
			buildSettings = {
				ASSETCATALOG_COMPILER_APPICON_NAME = AppIcon;
				ASSETCATALOG_COMPILER_GLOBAL_ACCENT_COLOR_NAME = AccentColor;
				CODE_SIGN_STYLE = Automatic;
				CURRENT_PROJECT_VERSION = 1;
				DEVELOPMENT_ASSET_PATHS = "\"TripBx_draft/Preview Content\"";
				DEVELOPMENT_TEAM = NT2QQX7M7L;
				ENABLE_PREVIEWS = YES;
				GENERATE_INFOPLIST_FILE = YES;
				INFOPLIST_KEY_UIApplicationSceneManifest_Generation = YES;
				INFOPLIST_KEY_UIApplicationSupportsIndirectInputEvents = YES;
				INFOPLIST_KEY_UILaunchScreen_Generation = YES;
				INFOPLIST_KEY_UISupportedInterfaceOrientations_iPad = "UIInterfaceOrientationPortrait UIInterfaceOrientationPortraitUpsideDown UIInterfaceOrientationLandscapeLeft UIInterfaceOrientationLandscapeRight";
				INFOPLIST_KEY_UISupportedInterfaceOrientations_iPhone = "UIInterfaceOrientationPortrait UIInterfaceOrientationLandscapeLeft UIInterfaceOrientationLandscapeRight";
				LD_RUNPATH_SEARCH_PATHS = (
					"$(inherited)",
					"@executable_path/Frameworks",
				);
				MARKETING_VERSION = 1.0;
				PRODUCT_BUNDLE_IDENTIFIER = "GG.TripBx-draft";
				PRODUCT_NAME = "$(TARGET_NAME)";
				SWIFT_EMIT_LOC_STRINGS = YES;
				SWIFT_VERSION = 5.0;
				TARGETED_DEVICE_FAMILY = "1,2";
			};
			name = Release;
		};
/* End XCBuildConfiguration section */

/* Begin XCConfigurationList section */
		C7FF897C28CBD71100221EBA /* Build configuration list for PBXProject "TripBx_draft" */ = {
			isa = XCConfigurationList;
			buildConfigurations = (
				C7FF898D28CBD71200221EBA /* Debug */,
				C7FF898E28CBD71200221EBA /* Release */,
			);
			defaultConfigurationIsVisible = 0;
			defaultConfigurationName = Release;
		};
		C7FF898F28CBD71200221EBA /* Build configuration list for PBXNativeTarget "TripBx_draft" */ = {
			isa = XCConfigurationList;
			buildConfigurations = (
				C7FF899028CBD71200221EBA /* Debug */,
				C7FF899128CBD71200221EBA /* Release */,
			);
			defaultConfigurationIsVisible = 0;
			defaultConfigurationName = Release;
		};
/* End XCConfigurationList section */
	};
	rootObject = C7FF897928CBD71100221EBA /* Project object */;
}
